
Microsoft Visual Studio Solution File, Format Version 12.00
# Visual Studio Version 17
VisualStudioVersion = 17.5.33414.496
MinimumVisualStudioVersion = 10.0.40219.1
Project("{9A19103F-16F7-4668-BE54-9A1E7A4F7556}") = "VetClinic.Intranet", "VetClinic.Intranet\VetClinic.Intranet.csproj", "{C55EF5EC-81B8-45F7-9BEA-050CA6554F97}"
EndProject
Project("{9A19103F-16F7-4668-BE54-9A1E7A4F7556}") = "VetClinic.Portal", "VetClinic.Portal\VetClinic.Portal.csproj", "{9B4C04C4-160F-480B-A26B-C2F5DC03C193}"
EndProject
Project("{9A19103F-16F7-4668-BE54-9A1E7A4F7556}") = "VetClinic.Data", "VetClinic.Data\VetClinic.Data.csproj", "{715603CD-0CC3-4764-8096-E53F36954019}"
EndProject
Project("{FAE04EC0-301F-11D3-BF4B-00C04F79EFBC}") = "VetClinic.CompanionApp.UWP", "VetClinic.CompanionApp\VetClinic.CompanionApp.UWP\VetClinic.CompanionApp.UWP.csproj", "{CF8D80B0-DDFA-4AD9-8035-65CC21AAFB5E}"
EndProject
Project("{FAE04EC0-301F-11D3-BF4B-00C04F79EFBC}") = "VetClinic.CompanionApp.Android", "VetClinic.CompanionApp\VetClinic.CompanionApp.Android\VetClinic.CompanionApp.Android.csproj", "{BEE071B7-FA3C-43CE-B361-E39B6858306A}"
EndProject
Project("{FAE04EC0-301F-11D3-BF4B-00C04F79EFBC}") = "VetClinic.CompanionApp.iOS", "VetClinic.CompanionApp\VetClinic.CompanionApp.iOS\VetClinic.CompanionApp.iOS.csproj", "{DFEEF4D8-BC39-49A7-99CE-2719849E309B}"
EndProject
Project("{FAE04EC0-301F-11D3-BF4B-00C04F79EFBC}") = "VetClinic.CompanionApp", "VetClinic.CompanionApp\VetClinic.CompanionApp\VetClinic.CompanionApp.csproj", "{BEF4F96F-80E5-40EE-8F3D-E352CEB04B90}"
EndProject
Project("{FAE04EC0-301F-11D3-BF4B-00C04F79EFBC}") = "VetClinic.WebAPI", "VetClinic.WebAPI\VetClinic.WebAPI.csproj", "{E885DBAD-68E4-4E3E-A89E-44DD37FB62BB}"
EndProject
Global
	GlobalSection(SolutionConfigurationPlatforms) = preSolution
		Debug|Any CPU = Debug|Any CPU
		Debug|ARM = Debug|ARM
		Debug|iPhone = Debug|iPhone
		Debug|iPhoneSimulator = Debug|iPhoneSimulator
		Debug|x64 = Debug|x64
		Debug|x86 = Debug|x86
		Release|Any CPU = Release|Any CPU
		Release|ARM = Release|ARM
		Release|iPhone = Release|iPhone
		Release|iPhoneSimulator = Release|iPhoneSimulator
		Release|x64 = Release|x64
		Release|x86 = Release|x86
	EndGlobalSection
	GlobalSection(ProjectConfigurationPlatforms) = postSolution
		{C55EF5EC-81B8-45F7-9BEA-050CA6554F97}.Debug|Any CPU.ActiveCfg = Debug|Any CPU
		{C55EF5EC-81B8-45F7-9BEA-050CA6554F97}.Debug|Any CPU.Build.0 = Debug|Any CPU
		{C55EF5EC-81B8-45F7-9BEA-050CA6554F97}.Debug|ARM.ActiveCfg = Debug|Any CPU
		{C55EF5EC-81B8-45F7-9BEA-050CA6554F97}.Debug|ARM.Build.0 = Debug|Any CPU
		{C55EF5EC-81B8-45F7-9BEA-050CA6554F97}.Debug|iPhone.ActiveCfg = Debug|Any CPU
		{C55EF5EC-81B8-45F7-9BEA-050CA6554F97}.Debug|iPhone.Build.0 = Debug|Any CPU
		{C55EF5EC-81B8-45F7-9BEA-050CA6554F97}.Debug|iPhoneSimulator.ActiveCfg = Debug|Any CPU
		{C55EF5EC-81B8-45F7-9BEA-050CA6554F97}.Debug|iPhoneSimulator.Build.0 = Debug|Any CPU
		{C55EF5EC-81B8-45F7-9BEA-050CA6554F97}.Debug|x64.ActiveCfg = Debug|Any CPU
		{C55EF5EC-81B8-45F7-9BEA-050CA6554F97}.Debug|x64.Build.0 = Debug|Any CPU
		{C55EF5EC-81B8-45F7-9BEA-050CA6554F97}.Debug|x86.ActiveCfg = Debug|Any CPU
		{C55EF5EC-81B8-45F7-9BEA-050CA6554F97}.Debug|x86.Build.0 = Debug|Any CPU
		{C55EF5EC-81B8-45F7-9BEA-050CA6554F97}.Release|Any CPU.ActiveCfg = Release|Any CPU
		{C55EF5EC-81B8-45F7-9BEA-050CA6554F97}.Release|Any CPU.Build.0 = Release|Any CPU
		{C55EF5EC-81B8-45F7-9BEA-050CA6554F97}.Release|ARM.ActiveCfg = Release|Any CPU
		{C55EF5EC-81B8-45F7-9BEA-050CA6554F97}.Release|ARM.Build.0 = Release|Any CPU
		{C55EF5EC-81B8-45F7-9BEA-050CA6554F97}.Release|iPhone.ActiveCfg = Release|Any CPU
		{C55EF5EC-81B8-45F7-9BEA-050CA6554F97}.Release|iPhone.Build.0 = Release|Any CPU
		{C55EF5EC-81B8-45F7-9BEA-050CA6554F97}.Release|iPhoneSimulator.ActiveCfg = Release|Any CPU
		{C55EF5EC-81B8-45F7-9BEA-050CA6554F97}.Release|iPhoneSimulator.Build.0 = Release|Any CPU
		{C55EF5EC-81B8-45F7-9BEA-050CA6554F97}.Release|x64.ActiveCfg = Release|Any CPU
		{C55EF5EC-81B8-45F7-9BEA-050CA6554F97}.Release|x64.Build.0 = Release|Any CPU
		{C55EF5EC-81B8-45F7-9BEA-050CA6554F97}.Release|x86.ActiveCfg = Release|Any CPU
		{C55EF5EC-81B8-45F7-9BEA-050CA6554F97}.Release|x86.Build.0 = Release|Any CPU
		{9B4C04C4-160F-480B-A26B-C2F5DC03C193}.Debug|Any CPU.ActiveCfg = Debug|Any CPU
		{9B4C04C4-160F-480B-A26B-C2F5DC03C193}.Debug|Any CPU.Build.0 = Debug|Any CPU
		{9B4C04C4-160F-480B-A26B-C2F5DC03C193}.Debug|ARM.ActiveCfg = Debug|Any CPU
		{9B4C04C4-160F-480B-A26B-C2F5DC03C193}.Debug|ARM.Build.0 = Debug|Any CPU
		{9B4C04C4-160F-480B-A26B-C2F5DC03C193}.Debug|iPhone.ActiveCfg = Debug|Any CPU
		{9B4C04C4-160F-480B-A26B-C2F5DC03C193}.Debug|iPhone.Build.0 = Debug|Any CPU
		{9B4C04C4-160F-480B-A26B-C2F5DC03C193}.Debug|iPhoneSimulator.ActiveCfg = Debug|Any CPU
		{9B4C04C4-160F-480B-A26B-C2F5DC03C193}.Debug|iPhoneSimulator.Build.0 = Debug|Any CPU
		{9B4C04C4-160F-480B-A26B-C2F5DC03C193}.Debug|x64.ActiveCfg = Debug|Any CPU
		{9B4C04C4-160F-480B-A26B-C2F5DC03C193}.Debug|x64.Build.0 = Debug|Any CPU
		{9B4C04C4-160F-480B-A26B-C2F5DC03C193}.Debug|x86.ActiveCfg = Debug|Any CPU
		{9B4C04C4-160F-480B-A26B-C2F5DC03C193}.Debug|x86.Build.0 = Debug|Any CPU
		{9B4C04C4-160F-480B-A26B-C2F5DC03C193}.Release|Any CPU.ActiveCfg = Release|Any CPU
		{9B4C04C4-160F-480B-A26B-C2F5DC03C193}.Release|Any CPU.Build.0 = Release|Any CPU
		{9B4C04C4-160F-480B-A26B-C2F5DC03C193}.Release|ARM.ActiveCfg = Release|Any CPU
		{9B4C04C4-160F-480B-A26B-C2F5DC03C193}.Release|ARM.Build.0 = Release|Any CPU
		{9B4C04C4-160F-480B-A26B-C2F5DC03C193}.Release|iPhone.ActiveCfg = Release|Any CPU
		{9B4C04C4-160F-480B-A26B-C2F5DC03C193}.Release|iPhone.Build.0 = Release|Any CPU
		{9B4C04C4-160F-480B-A26B-C2F5DC03C193}.Release|iPhoneSimulator.ActiveCfg = Release|Any CPU
		{9B4C04C4-160F-480B-A26B-C2F5DC03C193}.Release|iPhoneSimulator.Build.0 = Release|Any CPU
		{9B4C04C4-160F-480B-A26B-C2F5DC03C193}.Release|x64.ActiveCfg = Release|Any CPU
		{9B4C04C4-160F-480B-A26B-C2F5DC03C193}.Release|x64.Build.0 = Release|Any CPU
		{9B4C04C4-160F-480B-A26B-C2F5DC03C193}.Release|x86.ActiveCfg = Release|Any CPU
		{9B4C04C4-160F-480B-A26B-C2F5DC03C193}.Release|x86.Build.0 = Release|Any CPU
		{715603CD-0CC3-4764-8096-E53F36954019}.Debug|Any CPU.ActiveCfg = Debug|Any CPU
		{715603CD-0CC3-4764-8096-E53F36954019}.Debug|Any CPU.Build.0 = Debug|Any CPU
		{715603CD-0CC3-4764-8096-E53F36954019}.Debug|ARM.ActiveCfg = Debug|Any CPU
		{715603CD-0CC3-4764-8096-E53F36954019}.Debug|ARM.Build.0 = Debug|Any CPU
		{715603CD-0CC3-4764-8096-E53F36954019}.Debug|iPhone.ActiveCfg = Debug|Any CPU
		{715603CD-0CC3-4764-8096-E53F36954019}.Debug|iPhone.Build.0 = Debug|Any CPU
		{715603CD-0CC3-4764-8096-E53F36954019}.Debug|iPhoneSimulator.ActiveCfg = Debug|Any CPU
		{715603CD-0CC3-4764-8096-E53F36954019}.Debug|iPhoneSimulator.Build.0 = Debug|Any CPU
		{715603CD-0CC3-4764-8096-E53F36954019}.Debug|x64.ActiveCfg = Debug|Any CPU
		{715603CD-0CC3-4764-8096-E53F36954019}.Debug|x64.Build.0 = Debug|Any CPU
		{715603CD-0CC3-4764-8096-E53F36954019}.Debug|x86.ActiveCfg = Debug|Any CPU
		{715603CD-0CC3-4764-8096-E53F36954019}.Debug|x86.Build.0 = Debug|Any CPU
		{715603CD-0CC3-4764-8096-E53F36954019}.Release|Any CPU.ActiveCfg = Release|Any CPU
		{715603CD-0CC3-4764-8096-E53F36954019}.Release|Any CPU.Build.0 = Release|Any CPU
		{715603CD-0CC3-4764-8096-E53F36954019}.Release|ARM.ActiveCfg = Release|Any CPU
		{715603CD-0CC3-4764-8096-E53F36954019}.Release|ARM.Build.0 = Release|Any CPU
		{715603CD-0CC3-4764-8096-E53F36954019}.Release|iPhone.ActiveCfg = Release|Any CPU
		{715603CD-0CC3-4764-8096-E53F36954019}.Release|iPhone.Build.0 = Release|Any CPU
		{715603CD-0CC3-4764-8096-E53F36954019}.Release|iPhoneSimulator.ActiveCfg = Release|Any CPU
		{715603CD-0CC3-4764-8096-E53F36954019}.Release|iPhoneSimulator.Build.0 = Release|Any CPU
		{715603CD-0CC3-4764-8096-E53F36954019}.Release|x64.ActiveCfg = Release|Any CPU
		{715603CD-0CC3-4764-8096-E53F36954019}.Release|x64.Build.0 = Release|Any CPU
		{715603CD-0CC3-4764-8096-E53F36954019}.Release|x86.ActiveCfg = Release|Any CPU
		{715603CD-0CC3-4764-8096-E53F36954019}.Release|x86.Build.0 = Release|Any CPU
		{CF8D80B0-DDFA-4AD9-8035-65CC21AAFB5E}.Debug|Any CPU.ActiveCfg = Debug|x64
		{CF8D80B0-DDFA-4AD9-8035-65CC21AAFB5E}.Debug|Any CPU.Build.0 = Debug|x64
		{CF8D80B0-DDFA-4AD9-8035-65CC21AAFB5E}.Debug|Any CPU.Deploy.0 = Debug|x64
		{CF8D80B0-DDFA-4AD9-8035-65CC21AAFB5E}.Debug|ARM.ActiveCfg = Debug|ARM
		{CF8D80B0-DDFA-4AD9-8035-65CC21AAFB5E}.Debug|ARM.Build.0 = Debug|ARM
		{CF8D80B0-DDFA-4AD9-8035-65CC21AAFB5E}.Debug|ARM.Deploy.0 = Debug|ARM
		{CF8D80B0-DDFA-4AD9-8035-65CC21AAFB5E}.Debug|iPhone.ActiveCfg = Debug|x64
		{CF8D80B0-DDFA-4AD9-8035-65CC21AAFB5E}.Debug|iPhone.Build.0 = Debug|x64
		{CF8D80B0-DDFA-4AD9-8035-65CC21AAFB5E}.Debug|iPhone.Deploy.0 = Debug|x64
		{CF8D80B0-DDFA-4AD9-8035-65CC21AAFB5E}.Debug|iPhoneSimulator.ActiveCfg = Debug|x64
		{CF8D80B0-DDFA-4AD9-8035-65CC21AAFB5E}.Debug|iPhoneSimulator.Build.0 = Debug|x64
		{CF8D80B0-DDFA-4AD9-8035-65CC21AAFB5E}.Debug|iPhoneSimulator.Deploy.0 = Debug|x64
		{CF8D80B0-DDFA-4AD9-8035-65CC21AAFB5E}.Debug|x64.ActiveCfg = Debug|x64
		{CF8D80B0-DDFA-4AD9-8035-65CC21AAFB5E}.Debug|x64.Build.0 = Debug|x64
		{CF8D80B0-DDFA-4AD9-8035-65CC21AAFB5E}.Debug|x64.Deploy.0 = Debug|x64
		{CF8D80B0-DDFA-4AD9-8035-65CC21AAFB5E}.Debug|x86.ActiveCfg = Debug|x86
		{CF8D80B0-DDFA-4AD9-8035-65CC21AAFB5E}.Debug|x86.Build.0 = Debug|x86
		{CF8D80B0-DDFA-4AD9-8035-65CC21AAFB5E}.Debug|x86.Deploy.0 = Debug|x86
		{CF8D80B0-DDFA-4AD9-8035-65CC21AAFB5E}.Release|Any CPU.ActiveCfg = Release|x64
		{CF8D80B0-DDFA-4AD9-8035-65CC21AAFB5E}.Release|Any CPU.Build.0 = Release|x64
		{CF8D80B0-DDFA-4AD9-8035-65CC21AAFB5E}.Release|Any CPU.Deploy.0 = Release|x64
		{CF8D80B0-DDFA-4AD9-8035-65CC21AAFB5E}.Release|ARM.ActiveCfg = Release|ARM
		{CF8D80B0-DDFA-4AD9-8035-65CC21AAFB5E}.Release|ARM.Build.0 = Release|ARM
		{CF8D80B0-DDFA-4AD9-8035-65CC21AAFB5E}.Release|ARM.Deploy.0 = Release|ARM
		{CF8D80B0-DDFA-4AD9-8035-65CC21AAFB5E}.Release|iPhone.ActiveCfg = Release|x64
		{CF8D80B0-DDFA-4AD9-8035-65CC21AAFB5E}.Release|iPhone.Build.0 = Release|x64
		{CF8D80B0-DDFA-4AD9-8035-65CC21AAFB5E}.Release|iPhone.Deploy.0 = Release|x64
		{CF8D80B0-DDFA-4AD9-8035-65CC21AAFB5E}.Release|iPhoneSimulator.ActiveCfg = Release|x64
		{CF8D80B0-DDFA-4AD9-8035-65CC21AAFB5E}.Release|iPhoneSimulator.Build.0 = Release|x64
		{CF8D80B0-DDFA-4AD9-8035-65CC21AAFB5E}.Release|iPhoneSimulator.Deploy.0 = Release|x64
		{CF8D80B0-DDFA-4AD9-8035-65CC21AAFB5E}.Release|x64.ActiveCfg = Release|x64
		{CF8D80B0-DDFA-4AD9-8035-65CC21AAFB5E}.Release|x64.Build.0 = Release|x64
		{CF8D80B0-DDFA-4AD9-8035-65CC21AAFB5E}.Release|x64.Deploy.0 = Release|x64
		{CF8D80B0-DDFA-4AD9-8035-65CC21AAFB5E}.Release|x86.ActiveCfg = Release|x86
		{CF8D80B0-DDFA-4AD9-8035-65CC21AAFB5E}.Release|x86.Build.0 = Release|x86
		{CF8D80B0-DDFA-4AD9-8035-65CC21AAFB5E}.Release|x86.Deploy.0 = Release|x86
		{BEE071B7-FA3C-43CE-B361-E39B6858306A}.Debug|Any CPU.ActiveCfg = Debug|Any CPU
		{BEE071B7-FA3C-43CE-B361-E39B6858306A}.Debug|Any CPU.Build.0 = Debug|Any CPU
		{BEE071B7-FA3C-43CE-B361-E39B6858306A}.Debug|Any CPU.Deploy.0 = Debug|Any CPU
		{BEE071B7-FA3C-43CE-B361-E39B6858306A}.Debug|ARM.ActiveCfg = Debug|Any CPU
		{BEE071B7-FA3C-43CE-B361-E39B6858306A}.Debug|ARM.Build.0 = Debug|Any CPU
		{BEE071B7-FA3C-43CE-B361-E39B6858306A}.Debug|ARM.Deploy.0 = Debug|Any CPU
		{BEE071B7-FA3C-43CE-B361-E39B6858306A}.Debug|iPhone.ActiveCfg = Debug|Any CPU
		{BEE071B7-FA3C-43CE-B361-E39B6858306A}.Debug|iPhone.Build.0 = Debug|Any CPU
		{BEE071B7-FA3C-43CE-B361-E39B6858306A}.Debug|iPhone.Deploy.0 = Debug|Any CPU
		{BEE071B7-FA3C-43CE-B361-E39B6858306A}.Debug|iPhoneSimulator.ActiveCfg = Debug|Any CPU
		{BEE071B7-FA3C-43CE-B361-E39B6858306A}.Debug|iPhoneSimulator.Build.0 = Debug|Any CPU
		{BEE071B7-FA3C-43CE-B361-E39B6858306A}.Debug|iPhoneSimulator.Deploy.0 = Debug|Any CPU
		{BEE071B7-FA3C-43CE-B361-E39B6858306A}.Debug|x64.ActiveCfg = Debug|Any CPU
		{BEE071B7-FA3C-43CE-B361-E39B6858306A}.Debug|x64.Build.0 = Debug|Any CPU
		{BEE071B7-FA3C-43CE-B361-E39B6858306A}.Debug|x64.Deploy.0 = Debug|Any CPU
		{BEE071B7-FA3C-43CE-B361-E39B6858306A}.Debug|x86.ActiveCfg = Debug|Any CPU
		{BEE071B7-FA3C-43CE-B361-E39B6858306A}.Debug|x86.Build.0 = Debug|Any CPU
		{BEE071B7-FA3C-43CE-B361-E39B6858306A}.Debug|x86.Deploy.0 = Debug|Any CPU
		{BEE071B7-FA3C-43CE-B361-E39B6858306A}.Release|Any CPU.ActiveCfg = Release|Any CPU
		{BEE071B7-FA3C-43CE-B361-E39B6858306A}.Release|Any CPU.Build.0 = Release|Any CPU
		{BEE071B7-FA3C-43CE-B361-E39B6858306A}.Release|Any CPU.Deploy.0 = Release|Any CPU
		{BEE071B7-FA3C-43CE-B361-E39B6858306A}.Release|ARM.ActiveCfg = Release|Any CPU
		{BEE071B7-FA3C-43CE-B361-E39B6858306A}.Release|ARM.Build.0 = Release|Any CPU
		{BEE071B7-FA3C-43CE-B361-E39B6858306A}.Release|ARM.Deploy.0 = Release|Any CPU
		{BEE071B7-FA3C-43CE-B361-E39B6858306A}.Release|iPhone.ActiveCfg = Release|Any CPU
		{BEE071B7-FA3C-43CE-B361-E39B6858306A}.Release|iPhone.Build.0 = Release|Any CPU
		{BEE071B7-FA3C-43CE-B361-E39B6858306A}.Release|iPhone.Deploy.0 = Release|Any CPU
		{BEE071B7-FA3C-43CE-B361-E39B6858306A}.Release|iPhoneSimulator.ActiveCfg = Release|Any CPU
		{BEE071B7-FA3C-43CE-B361-E39B6858306A}.Release|iPhoneSimulator.Build.0 = Release|Any CPU
		{BEE071B7-FA3C-43CE-B361-E39B6858306A}.Release|iPhoneSimulator.Deploy.0 = Release|Any CPU
		{BEE071B7-FA3C-43CE-B361-E39B6858306A}.Release|x64.ActiveCfg = Release|Any CPU
		{BEE071B7-FA3C-43CE-B361-E39B6858306A}.Release|x64.Build.0 = Release|Any CPU
		{BEE071B7-FA3C-43CE-B361-E39B6858306A}.Release|x64.Deploy.0 = Release|Any CPU
		{BEE071B7-FA3C-43CE-B361-E39B6858306A}.Release|x86.ActiveCfg = Release|Any CPU
		{BEE071B7-FA3C-43CE-B361-E39B6858306A}.Release|x86.Build.0 = Release|Any CPU
		{BEE071B7-FA3C-43CE-B361-E39B6858306A}.Release|x86.Deploy.0 = Release|Any CPU
		{DFEEF4D8-BC39-49A7-99CE-2719849E309B}.Debug|Any CPU.ActiveCfg = Debug|iPhoneSimulator
		{DFEEF4D8-BC39-49A7-99CE-2719849E309B}.Debug|Any CPU.Build.0 = Debug|iPhoneSimulator
		{DFEEF4D8-BC39-49A7-99CE-2719849E309B}.Debug|ARM.ActiveCfg = Debug|iPhoneSimulator
		{DFEEF4D8-BC39-49A7-99CE-2719849E309B}.Debug|ARM.Build.0 = Debug|iPhoneSimulator
		{DFEEF4D8-BC39-49A7-99CE-2719849E309B}.Debug|iPhone.ActiveCfg = Debug|iPhone
		{DFEEF4D8-BC39-49A7-99CE-2719849E309B}.Debug|iPhone.Build.0 = Debug|iPhone
		{DFEEF4D8-BC39-49A7-99CE-2719849E309B}.Debug|iPhoneSimulator.ActiveCfg = Debug|iPhoneSimulator
		{DFEEF4D8-BC39-49A7-99CE-2719849E309B}.Debug|iPhoneSimulator.Build.0 = Debug|iPhoneSimulator
		{DFEEF4D8-BC39-49A7-99CE-2719849E309B}.Debug|x64.ActiveCfg = Debug|iPhoneSimulator
		{DFEEF4D8-BC39-49A7-99CE-2719849E309B}.Debug|x64.Build.0 = Debug|iPhoneSimulator
		{DFEEF4D8-BC39-49A7-99CE-2719849E309B}.Debug|x86.ActiveCfg = Debug|iPhoneSimulator
		{DFEEF4D8-BC39-49A7-99CE-2719849E309B}.Debug|x86.Build.0 = Debug|iPhoneSimulator
		{DFEEF4D8-BC39-49A7-99CE-2719849E309B}.Release|Any CPU.ActiveCfg = Release|iPhoneSimulator
		{DFEEF4D8-BC39-49A7-99CE-2719849E309B}.Release|Any CPU.Build.0 = Release|iPhoneSimulator
		{DFEEF4D8-BC39-49A7-99CE-2719849E309B}.Release|ARM.ActiveCfg = Release|iPhoneSimulator
		{DFEEF4D8-BC39-49A7-99CE-2719849E309B}.Release|ARM.Build.0 = Release|iPhoneSimulator
		{DFEEF4D8-BC39-49A7-99CE-2719849E309B}.Release|iPhone.ActiveCfg = Release|iPhone
		{DFEEF4D8-BC39-49A7-99CE-2719849E309B}.Release|iPhone.Build.0 = Release|iPhone
		{DFEEF4D8-BC39-49A7-99CE-2719849E309B}.Release|iPhoneSimulator.ActiveCfg = Release|iPhoneSimulator
		{DFEEF4D8-BC39-49A7-99CE-2719849E309B}.Release|iPhoneSimulator.Build.0 = Release|iPhoneSimulator
		{DFEEF4D8-BC39-49A7-99CE-2719849E309B}.Release|x64.ActiveCfg = Release|iPhoneSimulator
		{DFEEF4D8-BC39-49A7-99CE-2719849E309B}.Release|x64.Build.0 = Release|iPhoneSimulator
		{DFEEF4D8-BC39-49A7-99CE-2719849E309B}.Release|x86.ActiveCfg = Release|iPhoneSimulator
		{DFEEF4D8-BC39-49A7-99CE-2719849E309B}.Release|x86.Build.0 = Release|iPhoneSimulator
		{BEF4F96F-80E5-40EE-8F3D-E352CEB04B90}.Debug|Any CPU.ActiveCfg = Debug|Any CPU
		{BEF4F96F-80E5-40EE-8F3D-E352CEB04B90}.Debug|Any CPU.Build.0 = Debug|Any CPU
		{BEF4F96F-80E5-40EE-8F3D-E352CEB04B90}.Debug|ARM.ActiveCfg = Debug|Any CPU
		{BEF4F96F-80E5-40EE-8F3D-E352CEB04B90}.Debug|ARM.Build.0 = Debug|Any CPU
		{BEF4F96F-80E5-40EE-8F3D-E352CEB04B90}.Debug|iPhone.ActiveCfg = Debug|Any CPU
		{BEF4F96F-80E5-40EE-8F3D-E352CEB04B90}.Debug|iPhone.Build.0 = Debug|Any CPU
		{BEF4F96F-80E5-40EE-8F3D-E352CEB04B90}.Debug|iPhoneSimulator.ActiveCfg = Debug|Any CPU
		{BEF4F96F-80E5-40EE-8F3D-E352CEB04B90}.Debug|iPhoneSimulator.Build.0 = Debug|Any CPU
		{BEF4F96F-80E5-40EE-8F3D-E352CEB04B90}.Debug|x64.ActiveCfg = Debug|Any CPU
		{BEF4F96F-80E5-40EE-8F3D-E352CEB04B90}.Debug|x64.Build.0 = Debug|Any CPU
		{BEF4F96F-80E5-40EE-8F3D-E352CEB04B90}.Debug|x86.ActiveCfg = Debug|Any CPU
		{BEF4F96F-80E5-40EE-8F3D-E352CEB04B90}.Debug|x86.Build.0 = Debug|Any CPU
		{BEF4F96F-80E5-40EE-8F3D-E352CEB04B90}.Release|Any CPU.ActiveCfg = Release|Any CPU
		{BEF4F96F-80E5-40EE-8F3D-E352CEB04B90}.Release|Any CPU.Build.0 = Release|Any CPU
		{BEF4F96F-80E5-40EE-8F3D-E352CEB04B90}.Release|ARM.ActiveCfg = Release|Any CPU
		{BEF4F96F-80E5-40EE-8F3D-E352CEB04B90}.Release|ARM.Build.0 = Release|Any CPU
		{BEF4F96F-80E5-40EE-8F3D-E352CEB04B90}.Release|iPhone.ActiveCfg = Release|Any CPU
		{BEF4F96F-80E5-40EE-8F3D-E352CEB04B90}.Release|iPhone.Build.0 = Release|Any CPU
		{BEF4F96F-80E5-40EE-8F3D-E352CEB04B90}.Release|iPhoneSimulator.ActiveCfg = Release|Any CPU
		{BEF4F96F-80E5-40EE-8F3D-E352CEB04B90}.Release|iPhoneSimulator.Build.0 = Release|Any CPU
		{BEF4F96F-80E5-40EE-8F3D-E352CEB04B90}.Release|x64.ActiveCfg = Release|Any CPU
		{BEF4F96F-80E5-40EE-8F3D-E352CEB04B90}.Release|x64.Build.0 = Release|Any CPU
		{BEF4F96F-80E5-40EE-8F3D-E352CEB04B90}.Release|x86.ActiveCfg = Release|Any CPU
		{BEF4F96F-80E5-40EE-8F3D-E352CEB04B90}.Release|x86.Build.0 = Release|Any CPU
		{E885DBAD-68E4-4E3E-A89E-44DD37FB62BB}.Debug|Any CPU.ActiveCfg = Debug|Any CPU
		{E885DBAD-68E4-4E3E-A89E-44DD37FB62BB}.Debug|Any CPU.Build.0 = Debug|Any CPU
		{E885DBAD-68E4-4E3E-A89E-44DD37FB62BB}.Debug|ARM.ActiveCfg = Debug|Any CPU
		{E885DBAD-68E4-4E3E-A89E-44DD37FB62BB}.Debug|ARM.Build.0 = Debug|Any CPU
		{E885DBAD-68E4-4E3E-A89E-44DD37FB62BB}.Debug|iPhone.ActiveCfg = Debug|Any CPU
		{E885DBAD-68E4-4E3E-A89E-44DD37FB62BB}.Debug|iPhone.Build.0 = Debug|Any CPU
		{E885DBAD-68E4-4E3E-A89E-44DD37FB62BB}.Debug|iPhoneSimulator.ActiveCfg = Debug|Any CPU
		{E885DBAD-68E4-4E3E-A89E-44DD37FB62BB}.Debug|iPhoneSimulator.Build.0 = Debug|Any CPU
		{E885DBAD-68E4-4E3E-A89E-44DD37FB62BB}.Debug|x64.ActiveCfg = Debug|Any CPU
		{E885DBAD-68E4-4E3E-A89E-44DD37FB62BB}.Debug|x64.Build.0 = Debug|Any CPU
		{E885DBAD-68E4-4E3E-A89E-44DD37FB62BB}.Debug|x86.ActiveCfg = Debug|Any CPU
		{E885DBAD-68E4-4E3E-A89E-44DD37FB62BB}.Debug|x86.Build.0 = Debug|Any CPU
		{E885DBAD-68E4-4E3E-A89E-44DD37FB62BB}.Release|Any CPU.ActiveCfg = Release|Any CPU
		{E885DBAD-68E4-4E3E-A89E-44DD37FB62BB}.Release|Any CPU.Build.0 = Release|Any CPU
		{E885DBAD-68E4-4E3E-A89E-44DD37FB62BB}.Release|ARM.ActiveCfg = Release|Any CPU
		{E885DBAD-68E4-4E3E-A89E-44DD37FB62BB}.Release|ARM.Build.0 = Release|Any CPU
		{E885DBAD-68E4-4E3E-A89E-44DD37FB62BB}.Release|iPhone.ActiveCfg = Release|Any CPU
		{E885DBAD-68E4-4E3E-A89E-44DD37FB62BB}.Release|iPhone.Build.0 = Release|Any CPU
		{E885DBAD-68E4-4E3E-A89E-44DD37FB62BB}.Release|iPhoneSimulator.ActiveCfg = Release|Any CPU
		{E885DBAD-68E4-4E3E-A89E-44DD37FB62BB}.Release|iPhoneSimulator.Build.0 = Release|Any CPU
		{E885DBAD-68E4-4E3E-A89E-44DD37FB62BB}.Release|x64.ActiveCfg = Release|Any CPU
		{E885DBAD-68E4-4E3E-A89E-44DD37FB62BB}.Release|x64.Build.0 = Release|Any CPU
		{E885DBAD-68E4-4E3E-A89E-44DD37FB62BB}.Release|x86.ActiveCfg = Release|Any CPU
		{E885DBAD-68E4-4E3E-A89E-44DD37FB62BB}.Release|x86.Build.0 = Release|Any CPU
	EndGlobalSection
	GlobalSection(SolutionProperties) = preSolution
		HideSolutionNode = FALSE
	EndGlobalSection
	GlobalSection(ExtensibilityGlobals) = postSolution
		SolutionGuid = {7F0F0616-8DC9-43FC-BCC1-2D22EF81A278}
	EndGlobalSection
EndGlobal
