
Microsoft Visual Studio Solution File, Format Version 12.00
# Visual Studio Version 17
VisualStudioVersion = 17.5.33414.496
MinimumVisualStudioVersion = 10.0.40219.1
Project("{9A19103F-16F7-4668-BE54-9A1E7A4F7556}") = "VetClinic.Intranet", "VetClinic.Intranet\VetClinic.Intranet.csproj", "{C55EF5EC-81B8-45F7-9BEA-050CA6554F97}"
EndProject
Project("{9A19103F-16F7-4668-BE54-9A1E7A4F7556}") = "VetClinic.Portal", "VetClinic.Portal\VetClinic.Portal.csproj", "{9B4C04C4-160F-480B-A26B-C2F5DC03C193}"
EndProject
Project("{FAE04EC0-301F-11D3-BF4B-00C04F79EFBC}") = "VetClinic.Data", "VetClinic.Data\VetClinic.Data.csproj", "{715603CD-0CC3-4764-8096-E53F36954019}"
EndProject
Global
	GlobalSection(SolutionConfigurationPlatforms) = preSolution
		Debug|Any CPU = Debug|Any CPU
		Release|Any CPU = Release|Any CPU
	EndGlobalSection
	GlobalSection(ProjectConfigurationPlatforms) = postSolution
		{C55EF5EC-81B8-45F7-9BEA-050CA6554F97}.Debug|Any CPU.ActiveCfg = Debug|Any CPU
		{C55EF5EC-81B8-45F7-9BEA-050CA6554F97}.Debug|Any CPU.Build.0 = Debug|Any CPU
		{C55EF5EC-81B8-45F7-9BEA-050CA6554F97}.Release|Any CPU.ActiveCfg = Release|Any CPU
		{C55EF5EC-81B8-45F7-9BEA-050CA6554F97}.Release|Any CPU.Build.0 = Release|Any CPU
		{9B4C04C4-160F-480B-A26B-C2F5DC03C193}.Debug|Any CPU.ActiveCfg = Debug|Any CPU
		{9B4C04C4-160F-480B-A26B-C2F5DC03C193}.Debug|Any CPU.Build.0 = Debug|Any CPU
		{9B4C04C4-160F-480B-A26B-C2F5DC03C193}.Release|Any CPU.ActiveCfg = Release|Any CPU
		{9B4C04C4-160F-480B-A26B-C2F5DC03C193}.Release|Any CPU.Build.0 = Release|Any CPU
		{715603CD-0CC3-4764-8096-E53F36954019}.Debug|Any CPU.ActiveCfg = Debug|Any CPU
		{715603CD-0CC3-4764-8096-E53F36954019}.Debug|Any CPU.Build.0 = Debug|Any CPU
		{715603CD-0CC3-4764-8096-E53F36954019}.Release|Any CPU.ActiveCfg = Release|Any CPU
		{715603CD-0CC3-4764-8096-E53F36954019}.Release|Any CPU.Build.0 = Release|Any CPU
	EndGlobalSection
	GlobalSection(SolutionProperties) = preSolution
		HideSolutionNode = FALSE
	EndGlobalSection
	GlobalSection(ExtensibilityGlobals) = postSolution
		SolutionGuid = {7F0F0616-8DC9-43FC-BCC1-2D22EF81A278}
	EndGlobalSection
EndGlobal
